
Microsoft Visual Studio Solution File, Format Version 12.00
# Visual Studio Version 17
VisualStudioVersion = 17.2.32602.215
MinimumVisualStudioVersion = 10.0.40219.1
Project("{FAE04EC0-301F-11D3-BF4B-00C04F79EFBC}") = "Miniprojekti", "Miniprojekti\Miniprojekti.csproj", "{09CA409C-8E6D-48C9-92FE-88309B838EBD}"
EndProject
Project("{FAE04EC0-301F-11D3-BF4B-00C04F79EFBC}") = "Tiedostokuvaus", "Tiedostokuvaus\Tiedostokuvaus.csproj", "{524302FB-65F6-4FF1-8D68-F3ADFB6A0DB8}"
EndProject
Global
	GlobalSection(SolutionConfigurationPlatforms) = preSolution
		Debug|Any CPU = Debug|Any CPU
		Release|Any CPU = Release|Any CPU
	EndGlobalSection
	GlobalSection(ProjectConfigurationPlatforms) = postSolution
		{09CA409C-8E6D-48C9-92FE-88309B838EBD}.Debug|Any CPU.ActiveCfg = Debug|Any CPU
		{09CA409C-8E6D-48C9-92FE-88309B838EBD}.Debug|Any CPU.Build.0 = Debug|Any CPU
		{09CA409C-8E6D-48C9-92FE-88309B838EBD}.Release|Any CPU.ActiveCfg = Release|Any CPU
		{09CA409C-8E6D-48C9-92FE-88309B838EBD}.Release|Any CPU.Build.0 = Release|Any CPU
		{524302FB-65F6-4FF1-8D68-F3ADFB6A0DB8}.Debug|Any CPU.ActiveCfg = Debug|Any CPU
		{524302FB-65F6-4FF1-8D68-F3ADFB6A0DB8}.Debug|Any CPU.Build.0 = Debug|Any CPU
		{524302FB-65F6-4FF1-8D68-F3ADFB6A0DB8}.Release|Any CPU.ActiveCfg = Release|Any CPU
		{524302FB-65F6-4FF1-8D68-F3ADFB6A0DB8}.Release|Any CPU.Build.0 = Release|Any CPU
	EndGlobalSection
	GlobalSection(SolutionProperties) = preSolution
		HideSolutionNode = FALSE
	EndGlobalSection
	GlobalSection(ExtensibilityGlobals) = postSolution
		SolutionGuid = {CBCD1DE0-94C4-4BF8-8509-81724F201BD0}
	EndGlobalSection
EndGlobal
